
Microsoft Visual Studio Solution File, Format Version 12.00
# Visual Studio 15
VisualStudioVersion = 15.0.27130.2026
MinimumVisualStudioVersion = 10.0.40219.1
Project("{6EC3EE1D-3C4E-46DD-8F32-0CC8E7565705}") = "FbtBinPackingProject", "FbtBinPackingProject\FbtBinPackingProject.fsproj", "{FB02925E-BB59-44AA-899A-B13DA9623A33}"
EndProject
Project("{6EC3EE1D-3C4E-46DD-8F32-0CC8E7565705}") = "FbtBinPackingProject.Tests", "FbtBinPackingProject.Tests\FbtBinPackingProject.Tests.fsproj", "{8790BD65-4FB2-405E-9889-8C46AAB46A8B}"
EndProject
Project("{6EC3EE1D-3C4E-46DD-8F32-0CC8E7565705}") = "FbtBinPackingProject.Console", "FbtBinPackingProject.Console\FbtBinPackingProject.Console.fsproj", "{6AB818F1-04E1-4D7C-8B38-92552099CF44}"
EndProject
Project("{F2A71F9B-5D33-465A-A702-920D77279786}") = "FbtBinPackingProject.VisualStudio.Tests", "FbtBinPackingProject.VisualStudio.Tests\FbtBinPackingProject.VisualStudio.Tests.fsproj", "{21E02900-5642-4B5A-B65F-73AE9A17E76C}"
EndProject
Global
	GlobalSection(SolutionConfigurationPlatforms) = preSolution
		Debug|Any CPU = Debug|Any CPU
		Release|Any CPU = Release|Any CPU
	EndGlobalSection
	GlobalSection(ProjectConfigurationPlatforms) = postSolution
		{FB02925E-BB59-44AA-899A-B13DA9623A33}.Debug|Any CPU.ActiveCfg = Debug|Any CPU
		{FB02925E-BB59-44AA-899A-B13DA9623A33}.Debug|Any CPU.Build.0 = Debug|Any CPU
		{FB02925E-BB59-44AA-899A-B13DA9623A33}.Release|Any CPU.ActiveCfg = Release|Any CPU
		{FB02925E-BB59-44AA-899A-B13DA9623A33}.Release|Any CPU.Build.0 = Release|Any CPU
		{8790BD65-4FB2-405E-9889-8C46AAB46A8B}.Debug|Any CPU.ActiveCfg = Debug|Any CPU
		{8790BD65-4FB2-405E-9889-8C46AAB46A8B}.Debug|Any CPU.Build.0 = Debug|Any CPU
		{8790BD65-4FB2-405E-9889-8C46AAB46A8B}.Release|Any CPU.ActiveCfg = Release|Any CPU
		{8790BD65-4FB2-405E-9889-8C46AAB46A8B}.Release|Any CPU.Build.0 = Release|Any CPU
		{6AB818F1-04E1-4D7C-8B38-92552099CF44}.Debug|Any CPU.ActiveCfg = Debug|Any CPU
		{6AB818F1-04E1-4D7C-8B38-92552099CF44}.Debug|Any CPU.Build.0 = Debug|Any CPU
		{6AB818F1-04E1-4D7C-8B38-92552099CF44}.Release|Any CPU.ActiveCfg = Release|Any CPU
		{6AB818F1-04E1-4D7C-8B38-92552099CF44}.Release|Any CPU.Build.0 = Release|Any CPU
		{21E02900-5642-4B5A-B65F-73AE9A17E76C}.Debug|Any CPU.ActiveCfg = Debug|Any CPU
		{21E02900-5642-4B5A-B65F-73AE9A17E76C}.Debug|Any CPU.Build.0 = Debug|Any CPU
		{21E02900-5642-4B5A-B65F-73AE9A17E76C}.Release|Any CPU.ActiveCfg = Release|Any CPU
		{21E02900-5642-4B5A-B65F-73AE9A17E76C}.Release|Any CPU.Build.0 = Release|Any CPU
	EndGlobalSection
	GlobalSection(SolutionProperties) = preSolution
		HideSolutionNode = FALSE
	EndGlobalSection
	GlobalSection(ExtensibilityGlobals) = postSolution
		SolutionGuid = {707808C9-EDE1-4160-B73C-43280F72D153}
	EndGlobalSection
EndGlobal
